
Microsoft Visual Studio Solution File, Format Version 12.00
# Visual Studio Version 16
VisualStudioVersion = 16.0.30309.148
MinimumVisualStudioVersion = 10.0.40219.1
Project("{FAE04EC0-301F-11D3-BF4B-00C04F79EFBC}") = "DCC1645C", "DCC1645C\DCC1645C.csproj", "{75B589E0-5BCE-4C4A-9BBA-46F9551CEBDA}"
EndProject
Project("{2150E333-8FDC-42A3-9474-1A3956D46DE8}") = "Solution Items", "Solution Items", "{A7F1BA5F-220A-4760-BEAB-43FDC6F0981F}"
EndProject
Global
	GlobalSection(SolutionConfigurationPlatforms) = preSolution
		Debug|Any CPU = Debug|Any CPU
		Release|Any CPU = Release|Any CPU
	EndGlobalSection
	GlobalSection(ProjectConfigurationPlatforms) = postSolution
		{75B589E0-5BCE-4C4A-9BBA-46F9551CEBDA}.Debug|Any CPU.ActiveCfg = Debug|Any CPU
		{75B589E0-5BCE-4C4A-9BBA-46F9551CEBDA}.Debug|Any CPU.Build.0 = Debug|Any CPU
		{75B589E0-5BCE-4C4A-9BBA-46F9551CEBDA}.Release|Any CPU.ActiveCfg = Release|Any CPU
		{75B589E0-5BCE-4C4A-9BBA-46F9551CEBDA}.Release|Any CPU.Build.0 = Release|Any CPU
	EndGlobalSection
	GlobalSection(SolutionProperties) = preSolution
		HideSolutionNode = FALSE
	EndGlobalSection
	GlobalSection(ExtensibilityGlobals) = postSolution
		SolutionGuid = {E4F9AFD4-C170-402F-9FDF-AE05F32849FF}
	EndGlobalSection
EndGlobal
